{
    "version": 3,
    "terraform_version": "0.11.11",
    "serial": 2,
    "lineage": "ae8bb03d-1bc0-b688-4c14-66d4c557e72e",
    "modules": [
        {
            "path": [
                "root"
            ],
            "outputs": {
                "Login directly": {
                    "sensitive": false,
                    "type": "string",
                    "value": "ssh ec2-user@34.248.160.147"
                },
                "Login with Key": {
                    "sensitive": false,
                    "type": "string",
                    "value": "ssh -i terraform-notably-pure-dane-key ec2-user@34.248.160.147"
                },
                "publicIp": {
                    "sensitive": false,
                    "type": "list",
                    "value": [
                        "34.248.160.147"
                    ]
                }
            },
            "resources": {
                "aws_eip.eip": {
                    "type": "aws_eip",
                    "depends_on": [
                        "random_pet.tags"
                    ],
                    "primary": {
                        "id": "eipalloc-07fecb92f96d5afca",
                        "attributes": {
                            "association_id": "",
                            "domain": "vpc",
                            "id": "eipalloc-07fecb92f96d5afca",
                            "instance": "",
                            "network_interface": "",
                            "private_ip": "",
                            "public_dns": "ec2-63-34-217-96.eu-west-1.compute.amazonaws.com",
                            "public_ip": "63.34.217.96",
                            "public_ipv4_pool": "amazon",
                            "tags.%": "1",
                            "tags.Name": "terraform-notably-pure-dane-nat-eip",
                            "vpc": "true"
                        },
                        "meta": {
                            "e2bfb730-ecaa-11e6-8f88-34363bc7c4c0": {
                                "delete": 180000000000,
                                "read": 900000000000,
                                "update": 300000000000
                            }
                        },
                        "tainted": false
                    },
                    "deposed": [],
                    "provider": "provider.aws"
                },
                "aws_instance.ec2": {
                    "type": "aws_instance",
                    "depends_on": [
                        "aws_key_pair.sshkey",
                        "aws_security_group.sg",
                        "aws_subnet.subnet",
                        "data.aws_ami.rhel",
                        "random_pet.tags"
                    ],
                    "primary": {
                        "id": "i-091255f56adf8fed7",
                        "attributes": {
                            "ami": "ami-0e12cbde3e77cbb98",
                            "arn": "arn:aws:ec2:eu-west-1:505076813643:instance/i-091255f56adf8fed7",
                            "associate_public_ip_address": "true",
                            "availability_zone": "eu-west-1a",
                            "cpu_core_count": "1",
                            "cpu_threads_per_core": "1",
                            "credit_specification.#": "1",
                            "credit_specification.0.cpu_credits": "standard",
                            "disable_api_termination": "false",
                            "ebs_block_device.#": "0",
                            "ebs_optimized": "false",
                            "ephemeral_block_device.#": "0",
                            "get_password_data": "false",
                            "iam_instance_profile": "",
                            "id": "i-091255f56adf8fed7",
                            "instance_state": "running",
                            "instance_type": "t2.micro",
                            "ipv6_address_count": "0",
                            "ipv6_addresses.#": "0",
                            "key_name": "terraform-notably-pure-dane-key",
                            "monitoring": "false",
                            "network_interface.#": "0",
                            "password_data": "",
                            "placement_group": "",
                            "primary_network_interface_id": "eni-070d7edf9c2c037ff",
                            "private_dns": "ip-10-0-1-116.eu-west-1.compute.internal",
                            "private_ip": "10.0.1.116",
                            "public_dns": "",
                            "public_ip": "34.248.160.147",
                            "root_block_device.#": "1",
                            "root_block_device.0.delete_on_termination": "true",
                            "root_block_device.0.iops": "100",
                            "root_block_device.0.volume_id": "vol-0a374773d68d3d406",
                            "root_block_device.0.volume_size": "10",
                            "root_block_device.0.volume_type": "gp2",
                            "security_groups.#": "0",
                            "source_dest_check": "true",
                            "subnet_id": "subnet-011e45e71fa06059a",
                            "tags.%": "1",
                            "tags.Name": "terraform-notably-pure-dane-ec2",
                            "tenancy": "default",
                            "volume_tags.%": "0",
                            "vpc_security_group_ids.#": "1",
                            "vpc_security_group_ids.413589229": "sg-08067d12981199902"
                        },
                        "meta": {
                            "e2bfb730-ecaa-11e6-8f88-34363bc7c4c0": {
                                "create": 600000000000,
                                "delete": 1200000000000,
                                "update": 600000000000
                            },
                            "schema_version": "1"
                        },
                        "tainted": false
                    },
                    "deposed": [],
                    "provider": "provider.aws"
                },
                "aws_internet_gateway.igw": {
                    "type": "aws_internet_gateway",
                    "depends_on": [
                        "aws_vpc.vpc"
                    ],
                    "primary": {
                        "id": "igw-0ce458b564a00eab6",
                        "attributes": {
                            "id": "igw-0ce458b564a00eab6",
                            "owner_id": "505076813643",
                            "tags.%": "1",
                            "tags.Name": "terraform-igw",
                            "vpc_id": "vpc-0a226caefe6b3c182"
                        },
                        "meta": {},
                        "tainted": false
                    },
                    "deposed": [],
                    "provider": "provider.aws"
                },
                "aws_key_pair.sshkey": {
                    "type": "aws_key_pair",
                    "depends_on": [
                        "random_pet.tags"
                    ],
                    "primary": {
                        "id": "terraform-notably-pure-dane-key",
                        "attributes": {
                            "fingerprint": "a8:61:21:0d:c1:7c:14:af:46:d0:57:b1:2d:06:17:4e",
                            "id": "terraform-notably-pure-dane-key",
                            "key_name": "terraform-notably-pure-dane-key",
                            "public_key": "ssh-rsa AAAAB3NzaC1yc2EAAAADAQABAAABAQDO7FbMDEEIvPYtf56z2LSss9t+CVNB/wpKMPrgqwaZaQm35iZSdfxYxIRvnGKL3pfRmW3630T3YvmXkT1Qctam/r5b6EaQ2CRe5L/Nkrve8nG4PNO/AegFXIfBScNvzpCeGupbpsDRWCaVgrSrX4gj4d+YhRd0SLi1unuRluEzU9x/Z2dw5QZWcOV6R315YPnBTs+bvh/uUIw5d1uWESc+v7WUqKw0SqLf/a1fP58hPyT9qy+uBC+fymCsQUu+VfikQLFibUw7dOzTf/ZgGCgeIb266K5P7V2wPqSI7eUVEEA9fDD+FPdt8+QWCPKYu1gxOYDlml6yp770B2pWKGlR pavan@Aletis-MBP"
                        },
                        "meta": {
                            "schema_version": "1"
                        },
                        "tainted": false
                    },
                    "deposed": [],
                    "provider": "provider.aws"
                },
                "aws_route_table.public": {
                    "type": "aws_route_table",
                    "depends_on": [
                        "aws_internet_gateway.igw",
                        "aws_vpc.vpc",
                        "random_pet.tags"
                    ],
                    "primary": {
                        "id": "rtb-0b6a3d17766082c64",
                        "attributes": {
                            "id": "rtb-0b6a3d17766082c64",
                            "owner_id": "505076813643",
                            "propagating_vgws.#": "0",
                            "route.#": "1",
                            "route.2438581763.cidr_block": "0.0.0.0/0",
                            "route.2438581763.egress_only_gateway_id": "",
                            "route.2438581763.gateway_id": "igw-0ce458b564a00eab6",
                            "route.2438581763.instance_id": "",
                            "route.2438581763.ipv6_cidr_block": "",
                            "route.2438581763.nat_gateway_id": "",
                            "route.2438581763.network_interface_id": "",
                            "route.2438581763.transit_gateway_id": "",
                            "route.2438581763.vpc_peering_connection_id": "",
                            "tags.%": "1",
                            "tags.Name": "terraform-notably-pure-dane-public",
                            "vpc_id": "vpc-0a226caefe6b3c182"
                        },
                        "meta": {},
                        "tainted": false
                    },
                    "deposed": [],
                    "provider": "provider.aws"
                },
                "aws_route_table_association.public": {
                    "type": "aws_route_table_association",
                    "depends_on": [
                        "aws_route_table.public",
                        "aws_subnet.subnet"
                    ],
                    "primary": {
                        "id": "rtbassoc-0d9560433f5ad3c16",
                        "attributes": {
                            "id": "rtbassoc-0d9560433f5ad3c16",
                            "route_table_id": "rtb-0b6a3d17766082c64",
                            "subnet_id": "subnet-011e45e71fa06059a"
                        },
                        "meta": {},
                        "tainted": false
                    },
                    "deposed": [],
                    "provider": "provider.aws"
                },
                "aws_security_group.sg": {
                    "type": "aws_security_group",
                    "depends_on": [
                        "aws_vpc.vpc",
                        "random_pet.tags"
                    ],
                    "primary": {
                        "id": "sg-08067d12981199902",
                        "attributes": {
                            "arn": "arn:aws:ec2:eu-west-1:505076813643:security-group/sg-08067d12981199902",
                            "description": "This is for terraforms security group",
                            "egress.#": "0",
                            "id": "sg-08067d12981199902",
                            "ingress.#": "0",
                            "name": "terraform-sg",
                            "owner_id": "505076813643",
                            "revoke_rules_on_delete": "false",
                            "tags.%": "1",
                            "tags.Name": "terraform-notably-pure-dane-sg",
                            "vpc_id": "vpc-0a226caefe6b3c182"
                        },
                        "meta": {
                            "e2bfb730-ecaa-11e6-8f88-34363bc7c4c0": {
                                "create": 600000000000,
                                "delete": 600000000000
                            },
                            "schema_version": "1"
                        },
                        "tainted": false
                    },
                    "deposed": [],
                    "provider": "provider.aws"
                },
                "aws_security_group_rule.rule.0": {
                    "type": "aws_security_group_rule",
                    "depends_on": [
                        "aws_security_group.sg"
                    ],
                    "primary": {
                        "id": "sgrule-3605744685",
                        "attributes": {
                            "cidr_blocks.#": "1",
                            "cidr_blocks.0": "0.0.0.0/0",
                            "description": "rule-0 port-22",
                            "from_port": "22",
                            "id": "sgrule-3605744685",
                            "protocol": "tcp",
                            "security_group_id": "sg-08067d12981199902",
                            "self": "false",
                            "to_port": "22",
                            "type": "ingress"
                        },
                        "meta": {
                            "schema_version": "2"
                        },
                        "tainted": false
                    },
                    "deposed": [],
                    "provider": "provider.aws"
                },
                "aws_security_group_rule.rule.1": {
                    "type": "aws_security_group_rule",
                    "depends_on": [
                        "aws_security_group.sg"
                    ],
                    "primary": {
                        "id": "sgrule-3457752370",
                        "attributes": {
                            "cidr_blocks.#": "1",
                            "cidr_blocks.0": "0.0.0.0/0",
                            "description": "rule-1 port-3000",
                            "from_port": "3000",
                            "id": "sgrule-3457752370",
                            "protocol": "tcp",
                            "security_group_id": "sg-08067d12981199902",
                            "self": "false",
                            "to_port": "3000",
                            "type": "ingress"
                        },
                        "meta": {
                            "schema_version": "2"
                        },
                        "tainted": false
                    },
                    "deposed": [],
                    "provider": "provider.aws"
                },
                "aws_security_group_rule.rule.2": {
                    "type": "aws_security_group_rule",
                    "depends_on": [
                        "aws_security_group.sg"
                    ],
                    "primary": {
                        "id": "sgrule-2277784267",
                        "attributes": {
                            "cidr_blocks.#": "1",
                            "cidr_blocks.0": "0.0.0.0/0",
                            "description": "rule-2 port-9090",
                            "from_port": "9090",
                            "id": "sgrule-2277784267",
                            "protocol": "tcp",
                            "security_group_id": "sg-08067d12981199902",
                            "self": "false",
                            "to_port": "9090",
                            "type": "ingress"
                        },
                        "meta": {
                            "schema_version": "2"
                        },
                        "tainted": false
                    },
                    "deposed": [],
                    "provider": "provider.aws"
                },
                "aws_security_group_rule.rule.3": {
                    "type": "aws_security_group_rule",
                    "depends_on": [
                        "aws_security_group.sg"
                    ],
                    "primary": {
                        "id": "sgrule-2060646543",
                        "attributes": {
                            "cidr_blocks.#": "1",
                            "cidr_blocks.0": "0.0.0.0/0",
                            "description": "rule-3 port-9093",
                            "from_port": "9093",
                            "id": "sgrule-2060646543",
                            "protocol": "tcp",
                            "security_group_id": "sg-08067d12981199902",
                            "self": "false",
                            "to_port": "9093",
                            "type": "ingress"
                        },
                        "meta": {
                            "schema_version": "2"
                        },
                        "tainted": false
                    },
                    "deposed": [],
                    "provider": "provider.aws"
                },
                "aws_subnet.subnet": {
                    "type": "aws_subnet",
                    "depends_on": [
                        "aws_vpc.vpc",
                        "data.aws_availability_zones.azs"
                    ],
                    "primary": {
                        "id": "subnet-011e45e71fa06059a",
                        "attributes": {
                            "arn": "arn:aws:ec2:eu-west-1:505076813643:subnet/subnet-011e45e71fa06059a",
                            "assign_ipv6_address_on_creation": "false",
                            "availability_zone": "eu-west-1a",
                            "availability_zone_id": "euw1-az2",
                            "cidr_block": "10.0.1.0/24",
                            "id": "subnet-011e45e71fa06059a",
                            "ipv6_cidr_block": "",
                            "ipv6_cidr_block_association_id": "",
                            "map_public_ip_on_launch": "false",
                            "owner_id": "505076813643",
                            "tags.%": "0",
                            "vpc_id": "vpc-0a226caefe6b3c182"
                        },
                        "meta": {
                            "e2bfb730-ecaa-11e6-8f88-34363bc7c4c0": {
                                "create": 600000000000,
                                "delete": 600000000000
                            },
                            "schema_version": "1"
                        },
                        "tainted": false
                    },
                    "deposed": [],
                    "provider": "provider.aws"
                },
                "aws_vpc.vpc": {
                    "type": "aws_vpc",
                    "depends_on": [],
                    "primary": {
                        "id": "vpc-0a226caefe6b3c182",
                        "attributes": {
                            "arn": "arn:aws:ec2:eu-west-1:505076813643:vpc/vpc-0a226caefe6b3c182",
                            "assign_generated_ipv6_cidr_block": "false",
                            "cidr_block": "10.0.0.0/16",
                            "default_network_acl_id": "acl-09cc7b848a959c081",
                            "default_route_table_id": "rtb-05de82054e1a9f1df",
                            "default_security_group_id": "sg-0551cfda4b133a6d0",
                            "dhcp_options_id": "dopt-3be1595f",
                            "enable_classiclink": "false",
                            "enable_classiclink_dns_support": "false",
                            "enable_dns_hostnames": "false",
                            "enable_dns_support": "true",
                            "id": "vpc-0a226caefe6b3c182",
                            "instance_tenancy": "default",
                            "ipv6_association_id": "",
                            "ipv6_cidr_block": "",
                            "main_route_table_id": "rtb-05de82054e1a9f1df",
                            "owner_id": "505076813643",
                            "tags.%": "1",
                            "tags.Name": "terraform-vpc"
                        },
                        "meta": {
                            "schema_version": "1"
                        },
                        "tainted": false
                    },
                    "deposed": [],
                    "provider": "provider.aws"
                },
                "data.aws_ami.rhel": {
                    "type": "aws_ami",
                    "depends_on": [],
                    "primary": {
                        "id": "ami-0e12cbde3e77cbb98",
                        "attributes": {
                            "architecture": "x86_64",
                            "block_device_mappings.#": "1",
                            "block_device_mappings.309099847.device_name": "/dev/sda1",
                            "block_device_mappings.309099847.ebs.%": "6",
                            "block_device_mappings.309099847.ebs.delete_on_termination": "true",
                            "block_device_mappings.309099847.ebs.encrypted": "false",
                            "block_device_mappings.309099847.ebs.iops": "0",
                            "block_device_mappings.309099847.ebs.snapshot_id": "snap-0732a8b860a9ca608",
                            "block_device_mappings.309099847.ebs.volume_size": "10",
                            "block_device_mappings.309099847.ebs.volume_type": "gp2",
                            "block_device_mappings.309099847.no_device": "",
                            "block_device_mappings.309099847.virtual_name": "",
                            "creation_date": "2018-10-17T14:13:56.000Z",
                            "description": "Provided by Red Hat, Inc.",
                            "filter.#": "2",
                            "filter.1328671291.name": "name",
                            "filter.1328671291.values.#": "1",
                            "filter.1328671291.values.0": "RHEL-7.6_HVM_GA-20181017-x86_64*",
                            "filter.490168357.name": "virtualization-type",
                            "filter.490168357.values.#": "1",
                            "filter.490168357.values.0": "hvm",
                            "hypervisor": "xen",
                            "id": "ami-0e12cbde3e77cbb98",
                            "image_id": "ami-0e12cbde3e77cbb98",
                            "image_location": "309956199498/RHEL-7.6_HVM_GA-20181017-x86_64-0-Hourly2-GP2",
                            "image_type": "machine",
                            "most_recent": "true",
                            "name": "RHEL-7.6_HVM_GA-20181017-x86_64-0-Hourly2-GP2",
                            "owner_id": "309956199498",
                            "owners.#": "1",
                            "owners.0": "309956199498",
                            "product_codes.#": "0",
                            "public": "true",
                            "root_device_name": "/dev/sda1",
                            "root_device_type": "ebs",
                            "root_snapshot_id": "snap-0732a8b860a9ca608",
                            "sriov_net_support": "simple",
                            "state": "available",
                            "state_reason.%": "2",
                            "state_reason.code": "UNSET",
                            "state_reason.message": "UNSET",
                            "tags.%": "0",
                            "virtualization_type": "hvm"
                        },
                        "meta": {},
                        "tainted": false
                    },
                    "deposed": [],
                    "provider": "provider.aws"
                },
                "data.aws_availability_zones.azs": {
                    "type": "aws_availability_zones",
                    "depends_on": [],
                    "primary": {
                        "id": "2019-06-06 07:39:09.523763 +0000 UTC",
                        "attributes": {
                            "id": "2019-06-06 07:39:09.523763 +0000 UTC",
                            "names.#": "3",
                            "names.0": "eu-west-1a",
                            "names.1": "eu-west-1b",
                            "names.2": "eu-west-1c",
                            "zone_ids.#": "3",
                            "zone_ids.0": "euw1-az2",
                            "zone_ids.1": "euw1-az3",
                            "zone_ids.2": "euw1-az1"
                        },
                        "meta": {},
                        "tainted": false
                    },
                    "deposed": [],
                    "provider": "provider.aws"
                },
                "random_pet.tags": {
                    "type": "random_pet",
                    "depends_on": [],
                    "primary": {
                        "id": "notably-pure-dane",
                        "attributes": {
                            "id": "notably-pure-dane",
                            "length": "3",
                            "separator": "-"
                        },
                        "meta": {},
                        "tainted": false
                    },
                    "deposed": [],
                    "provider": "provider.random"
                }
            },
            "depends_on": []
        }
    ]
}
